
Microsoft Visual Studio Solution File, Format Version 12.00
# Visual Studio Version 17
VisualStudioVersion = 17.6.33815.320
MinimumVisualStudioVersion = 10.0.40219.1
Project("{FAE04EC0-301F-11D3-BF4B-00C04F79EFBC}") = "ConAppMethods", "ConAppMethods.csproj", "{67374D14-561F-4B91-9AB4-98FF0189D4A7}"
EndProject
Global
	GlobalSection(SolutionConfigurationPlatforms) = preSolution
		Debug|Any CPU = Debug|Any CPU
		Release|Any CPU = Release|Any CPU
	EndGlobalSection
	GlobalSection(ProjectConfigurationPlatforms) = postSolution
		{67374D14-561F-4B91-9AB4-98FF0189D4A7}.Debug|Any CPU.ActiveCfg = Debug|Any CPU
		{67374D14-561F-4B91-9AB4-98FF0189D4A7}.Debug|Any CPU.Build.0 = Debug|Any CPU
		{67374D14-561F-4B91-9AB4-98FF0189D4A7}.Release|Any CPU.ActiveCfg = Release|Any CPU
		{67374D14-561F-4B91-9AB4-98FF0189D4A7}.Release|Any CPU.Build.0 = Release|Any CPU
	EndGlobalSection
	GlobalSection(SolutionProperties) = preSolution
		HideSolutionNode = FALSE
	EndGlobalSection
	GlobalSection(ExtensibilityGlobals) = postSolution
		SolutionGuid = {5E216648-5047-456F-89B0-8816D4C79F2F}
	EndGlobalSection
EndGlobal
